
Microsoft Visual Studio Solution File, Format Version 12.00
# Visual Studio Version 17
VisualStudioVersion = 17.10.35122.118
MinimumVisualStudioVersion = 10.0.40219.1
Project("{FAE04EC0-301F-11D3-BF4B-00C04F79EFBC}") = "Coffee Machine", "Coffee Machine.csproj", "{C542F684-4541-436A-81D5-AB769BD42A32}"
EndProject
Global
	GlobalSection(SolutionConfigurationPlatforms) = preSolution
		Debug|Any CPU = Debug|Any CPU
		Release|Any CPU = Release|Any CPU
	EndGlobalSection
	GlobalSection(ProjectConfigurationPlatforms) = postSolution
		{C542F684-4541-436A-81D5-AB769BD42A32}.Debug|Any CPU.ActiveCfg = Debug|Any CPU
		{C542F684-4541-436A-81D5-AB769BD42A32}.Debug|Any CPU.Build.0 = Debug|Any CPU
		{C542F684-4541-436A-81D5-AB769BD42A32}.Release|Any CPU.ActiveCfg = Release|Any CPU
		{C542F684-4541-436A-81D5-AB769BD42A32}.Release|Any CPU.Build.0 = Release|Any CPU
	EndGlobalSection
	GlobalSection(SolutionProperties) = preSolution
		HideSolutionNode = FALSE
	EndGlobalSection
	GlobalSection(ExtensibilityGlobals) = postSolution
		SolutionGuid = {B8040B00-E4D3-4320-8134-BCBD0779A7AC}
	EndGlobalSection
EndGlobal
